// !$*UTF8*$!
{
	archiveVersion = 1;
	classes = {
	};
	objectVersion = 77;
	objects = {

/* Begin PBXBuildFile section */
		A1B2C3E12F6A1000000C0E71 /* ViewScopeServer in Frameworks */ = {isa = PBXBuildFile; productRef = A1B2C3EA2F6A1000000C0E71 /* ViewScopeServer */; };
		A1B2C3E22F6A1000000C0E71 /* SnapKit in Frameworks */ = {isa = PBXBuildFile; productRef = A1B2C3EB2F6A1000000C0E71 /* SnapKit */; };
		A1B2C3E32F6A1000000C0E71 /* GRDB in Frameworks */ = {isa = PBXBuildFile; productRef = A1B2C3EC2F6A1000000C0E71 /* GRDB */; };
		A1B2C3E42F6A1000000C0E71 /* Sparkle in Frameworks */ = {isa = PBXBuildFile; productRef = A1B2C3ED2F6A1000000C0E71 /* Sparkle */; };
/* End PBXBuildFile section */

/* Begin PBXContainerItemProxy section */
		9580FAB92F69BAE1000C0E71 /* PBXContainerItemProxy */ = {
			isa = PBXContainerItemProxy;
			containerPortal = 9580FA9D2F69BADF000C0E71 /* Project object */;
			proxyType = 1;
			remoteGlobalIDString = 9580FAA42F69BADF000C0E71;
			remoteInfo = ViewScope;
		};
		9580FAC32F69BAE1000C0E71 /* PBXContainerItemProxy */ = {
			isa = PBXContainerItemProxy;
			containerPortal = 9580FA9D2F69BADF000C0E71 /* Project object */;
			proxyType = 1;
			remoteGlobalIDString = 9580FAA42F69BADF000C0E71;
			remoteInfo = ViewScope;
		};
/* End PBXContainerItemProxy section */

/* Begin PBXFileReference section */
		9580FAA52F69BADF000C0E71 /* ViewScope.app */ = {isa = PBXFileReference; explicitFileType = wrapper.application; includeInIndex = 0; path = ViewScope.app; sourceTree = BUILT_PRODUCTS_DIR; };
		9580FAB82F69BAE1000C0E71 /* ViewScopeTests.xctest */ = {isa = PBXFileReference; explicitFileType = wrapper.cfbundle; includeInIndex = 0; path = ViewScopeTests.xctest; sourceTree = BUILT_PRODUCTS_DIR; };
		9580FAC22F69BAE1000C0E71 /* ViewScopeUITests.xctest */ = {isa = PBXFileReference; explicitFileType = wrapper.cfbundle; includeInIndex = 0; path = ViewScopeUITests.xctest; sourceTree = BUILT_PRODUCTS_DIR; };
/* End PBXFileReference section */

/* Begin PBXFileSystemSynchronizedRootGroup section */
		9580FAA72F69BADF000C0E71 /* ViewScope */ = {
			isa = PBXFileSystemSynchronizedRootGroup;
			path = ViewScope;
			sourceTree = "<group>";
		};
		9580FABB2F69BAE1000C0E71 /* ViewScopeTests */ = {
			isa = PBXFileSystemSynchronizedRootGroup;
			path = ViewScopeTests;
			sourceTree = "<group>";
		};
		9580FAC52F69BAE1000C0E71 /* ViewScopeUITests */ = {
			isa = PBXFileSystemSynchronizedRootGroup;
			path = ViewScopeUITests;
			sourceTree = "<group>";
		};
/* End PBXFileSystemSynchronizedRootGroup section */

/* Begin PBXFrameworksBuildPhase section */
		9580FAA22F69BADF000C0E71 /* Frameworks */ = {
			isa = PBXFrameworksBuildPhase;
			buildActionMask = 2147483647;
			files = (
				A1B2C3E12F6A1000000C0E71 /* ViewScopeServer in Frameworks */,
				A1B2C3E22F6A1000000C0E71 /* SnapKit in Frameworks */,
				A1B2C3E32F6A1000000C0E71 /* GRDB in Frameworks */,
				A1B2C3E42F6A1000000C0E71 /* Sparkle in Frameworks */,
			);
			runOnlyForDeploymentPostprocessing = 0;
		};
		9580FAB52F69BAE1000C0E71 /* Frameworks */ = {
			isa = PBXFrameworksBuildPhase;
			buildActionMask = 2147483647;
			files = (
			);
			runOnlyForDeploymentPostprocessing = 0;
		};
		9580FABF2F69BAE1000C0E71 /* Frameworks */ = {
			isa = PBXFrameworksBuildPhase;
			buildActionMask = 2147483647;
			files = (
			);
			runOnlyForDeploymentPostprocessing = 0;
		};
/* End PBXFrameworksBuildPhase section */

/* Begin PBXGroup section */
		9580FA9C2F69BADF000C0E71 = {
			isa = PBXGroup;
			children = (
				9580FAA72F69BADF000C0E71 /* ViewScope */,
				9580FABB2F69BAE1000C0E71 /* ViewScopeTests */,
				9580FAC52F69BAE1000C0E71 /* ViewScopeUITests */,
				9580FAA62F69BADF000C0E71 /* Products */,
			);
			sourceTree = "<group>";
		};
		9580FAA62F69BADF000C0E71 /* Products */ = {
			isa = PBXGroup;
			children = (
				9580FAA52F69BADF000C0E71 /* ViewScope.app */,
				9580FAB82F69BAE1000C0E71 /* ViewScopeTests.xctest */,
				9580FAC22F69BAE1000C0E71 /* ViewScopeUITests.xctest */,
			);
			name = Products;
			sourceTree = "<group>";
		};
/* End PBXGroup section */

/* Begin PBXNativeTarget section */
		9580FAA42F69BADF000C0E71 /* ViewScope */ = {
			isa = PBXNativeTarget;
			buildConfigurationList = 9580FACC2F69BAE1000C0E71 /* Build configuration list for PBXNativeTarget "ViewScope" */;
			buildPhases = (
				9580FAA12F69BADF000C0E71 /* Sources */,
				9580FAA22F69BADF000C0E71 /* Frameworks */,
				9580FAA32F69BADF000C0E71 /* Resources */,
			);
			buildRules = (
			);
			dependencies = (
			);
			fileSystemSynchronizedGroups = (
				9580FAA72F69BADF000C0E71 /* ViewScope */,
			);
			name = ViewScope;
			packageProductDependencies = (
				A1B2C3EA2F6A1000000C0E71 /* ViewScopeServer */,
				A1B2C3EB2F6A1000000C0E71 /* SnapKit */,
				A1B2C3EC2F6A1000000C0E71 /* GRDB */,
				A1B2C3ED2F6A1000000C0E71 /* Sparkle */,
			);
			productName = ViewScope;
			productReference = 9580FAA52F69BADF000C0E71 /* ViewScope.app */;
			productType = "com.apple.product-type.application";
		};
		9580FAB72F69BAE1000C0E71 /* ViewScopeTests */ = {
			isa = PBXNativeTarget;
			buildConfigurationList = 9580FACF2F69BAE1000C0E71 /* Build configuration list for PBXNativeTarget "ViewScopeTests" */;
			buildPhases = (
				9580FAB42F69BAE1000C0E71 /* Sources */,
				9580FAB52F69BAE1000C0E71 /* Frameworks */,
				9580FAB62F69BAE1000C0E71 /* Resources */,
			);
			buildRules = (
			);
			dependencies = (
				9580FABA2F69BAE1000C0E71 /* PBXTargetDependency */,
			);
			fileSystemSynchronizedGroups = (
				9580FABB2F69BAE1000C0E71 /* ViewScopeTests */,
			);
			name = ViewScopeTests;
			packageProductDependencies = (
			);
			productName = ViewScopeTests;
			productReference = 9580FAB82F69BAE1000C0E71 /* ViewScopeTests.xctest */;
			productType = "com.apple.product-type.bundle.unit-test";
		};
		9580FAC12F69BAE1000C0E71 /* ViewScopeUITests */ = {
			isa = PBXNativeTarget;
			buildConfigurationList = 9580FAD22F69BAE1000C0E71 /* Build configuration list for PBXNativeTarget "ViewScopeUITests" */;
			buildPhases = (
				9580FABE2F69BAE1000C0E71 /* Sources */,
				9580FABF2F69BAE1000C0E71 /* Frameworks */,
				9580FAC02F69BAE1000C0E71 /* Resources */,
			);
			buildRules = (
			);
			dependencies = (
				9580FAC42F69BAE1000C0E71 /* PBXTargetDependency */,
			);
			fileSystemSynchronizedGroups = (
				9580FAC52F69BAE1000C0E71 /* ViewScopeUITests */,
			);
			name = ViewScopeUITests;
			packageProductDependencies = (
			);
			productName = ViewScopeUITests;
			productReference = 9580FAC22F69BAE1000C0E71 /* ViewScopeUITests.xctest */;
			productType = "com.apple.product-type.bundle.ui-testing";
		};
/* End PBXNativeTarget section */

/* Begin PBXProject section */
		9580FA9D2F69BADF000C0E71 /* Project object */ = {
			isa = PBXProject;
			attributes = {
				BuildIndependentTargetsInParallel = 1;
				LastSwiftUpdateCheck = 2630;
				LastUpgradeCheck = 2630;
				TargetAttributes = {
					9580FAA42F69BADF000C0E71 = {
						CreatedOnToolsVersion = 26.3;
					};
					9580FAB72F69BAE1000C0E71 = {
						CreatedOnToolsVersion = 26.3;
						TestTargetID = 9580FAA42F69BADF000C0E71;
					};
					9580FAC12F69BAE1000C0E71 = {
						CreatedOnToolsVersion = 26.3;
						TestTargetID = 9580FAA42F69BADF000C0E71;
					};
				};
			};
			buildConfigurationList = 9580FAA02F69BADF000C0E71 /* Build configuration list for PBXProject "ViewScope" */;
			developmentRegion = en;
			hasScannedForEncodings = 0;
			knownRegions = (
				en,
				Base,
				"zh-Hans",
				"zh-Hant",
			);
			mainGroup = 9580FA9C2F69BADF000C0E71;
			minimizedProjectReferenceProxies = 1;
			packageReferences = (
				A1B2C3E62F6A1000000C0E71 /* XCLocalSwiftPackageReference "../ViewScopeServer" */,
				A1B2C3E72F6A1000000C0E71 /* XCRemoteSwiftPackageReference "SnapKit" */,
				A1B2C3E82F6A1000000C0E71 /* XCRemoteSwiftPackageReference "GRDB.swift" */,
				A1B2C3E92F6A1000000C0E71 /* XCRemoteSwiftPackageReference "Sparkle" */,
			);
			preferredProjectObjectVersion = 77;
			productRefGroup = 9580FAA62F69BADF000C0E71 /* Products */;
			projectDirPath = "";
			projectRoot = "";
			targets = (
				9580FAA42F69BADF000C0E71 /* ViewScope */,
				9580FAB72F69BAE1000C0E71 /* ViewScopeTests */,
				9580FAC12F69BAE1000C0E71 /* ViewScopeUITests */,
			);
		};
/* End PBXProject section */

/* Begin PBXResourcesBuildPhase section */
		9580FAA32F69BADF000C0E71 /* Resources */ = {
			isa = PBXResourcesBuildPhase;
			buildActionMask = 2147483647;
			files = (
			);
			runOnlyForDeploymentPostprocessing = 0;
		};
		9580FAB62F69BAE1000C0E71 /* Resources */ = {
			isa = PBXResourcesBuildPhase;
			buildActionMask = 2147483647;
			files = (
			);
			runOnlyForDeploymentPostprocessing = 0;
		};
		9580FAC02F69BAE1000C0E71 /* Resources */ = {
			isa = PBXResourcesBuildPhase;
			buildActionMask = 2147483647;
			files = (
			);
			runOnlyForDeploymentPostprocessing = 0;
		};
/* End PBXResourcesBuildPhase section */

/* Begin PBXSourcesBuildPhase section */
		9580FAA12F69BADF000C0E71 /* Sources */ = {
			isa = PBXSourcesBuildPhase;
			buildActionMask = 2147483647;
			files = (
			);
			runOnlyForDeploymentPostprocessing = 0;
		};
		9580FAB42F69BAE1000C0E71 /* Sources */ = {
			isa = PBXSourcesBuildPhase;
			buildActionMask = 2147483647;
			files = (
			);
			runOnlyForDeploymentPostprocessing = 0;
		};
		9580FABE2F69BAE1000C0E71 /* Sources */ = {
			isa = PBXSourcesBuildPhase;
			buildActionMask = 2147483647;
			files = (
			);
			runOnlyForDeploymentPostprocessing = 0;
		};
/* End PBXSourcesBuildPhase section */

/* Begin PBXTargetDependency section */
		9580FABA2F69BAE1000C0E71 /* PBXTargetDependency */ = {
			isa = PBXTargetDependency;
			target = 9580FAA42F69BADF000C0E71 /* ViewScope */;
			targetProxy = 9580FAB92F69BAE1000C0E71 /* PBXContainerItemProxy */;
		};
		9580FAC42F69BAE1000C0E71 /* PBXTargetDependency */ = {
			isa = PBXTargetDependency;
			target = 9580FAA42F69BADF000C0E71 /* ViewScope */;
			targetProxy = 9580FAC32F69BAE1000C0E71 /* PBXContainerItemProxy */;
		};
/* End PBXTargetDependency section */

/* Begin XCBuildConfiguration section */
		9580FACA2F69BAE1000C0E71 /* Debug */ = {
			isa = XCBuildConfiguration;
			buildSettings = {
				ALWAYS_SEARCH_USER_PATHS = NO;
				ASSETCATALOG_COMPILER_GENERATE_SWIFT_ASSET_SYMBOL_EXTENSIONS = YES;
				CLANG_ANALYZER_NONNULL = YES;
				CLANG_ANALYZER_NUMBER_OBJECT_CONVERSION = YES_AGGRESSIVE;
				CLANG_CXX_LANGUAGE_STANDARD = "gnu++20";
				CLANG_ENABLE_MODULES = YES;
				CLANG_ENABLE_OBJC_ARC = YES;
				CLANG_ENABLE_OBJC_WEAK = YES;
				CLANG_WARN_BLOCK_CAPTURE_AUTORELEASING = YES;
				CLANG_WARN_BOOL_CONVERSION = YES;
				CLANG_WARN_COMMA = YES;
				CLANG_WARN_CONSTANT_CONVERSION = YES;
				CLANG_WARN_DEPRECATED_OBJC_IMPLEMENTATIONS = YES;
				CLANG_WARN_DIRECT_OBJC_ISA_USAGE = YES_ERROR;
				CLANG_WARN_DOCUMENTATION_COMMENTS = YES;
				CLANG_WARN_EMPTY_BODY = YES;
				CLANG_WARN_ENUM_CONVERSION = YES;
				CLANG_WARN_INFINITE_RECURSION = YES;
				CLANG_WARN_INT_CONVERSION = YES;
				CLANG_WARN_NON_LITERAL_NULL_CONVERSION = YES;
				CLANG_WARN_OBJC_IMPLICIT_RETAIN_SELF = YES;
				CLANG_WARN_OBJC_LITERAL_CONVERSION = YES;
				CLANG_WARN_OBJC_ROOT_CLASS = YES_ERROR;
				CLANG_WARN_QUOTED_INCLUDE_IN_FRAMEWORK_HEADER = YES;
				CLANG_WARN_RANGE_LOOP_ANALYSIS = YES;
				CLANG_WARN_STRICT_PROTOTYPES = YES;
				CLANG_WARN_SUSPICIOUS_MOVE = YES;
				CLANG_WARN_UNGUARDED_AVAILABILITY = YES_AGGRESSIVE;
				CLANG_WARN_UNREACHABLE_CODE = YES;
				CLANG_WARN__DUPLICATE_METHOD_MATCH = YES;
				COPY_PHASE_STRIP = NO;
				DEBUG_INFORMATION_FORMAT = dwarf;
				DEVELOPMENT_TEAM = X6B6C6U6QV;
				ENABLE_STRICT_OBJC_MSGSEND = YES;
				ENABLE_TESTABILITY = YES;
				ENABLE_USER_SCRIPT_SANDBOXING = YES;
				GCC_C_LANGUAGE_STANDARD = gnu17;
				GCC_DYNAMIC_NO_PIC = NO;
				GCC_NO_COMMON_BLOCKS = YES;
				GCC_OPTIMIZATION_LEVEL = 0;
				GCC_PREPROCESSOR_DEFINITIONS = (
					"DEBUG=1",
					"$(inherited)",
				);
				GCC_WARN_64_TO_32_BIT_CONVERSION = YES;
				GCC_WARN_ABOUT_RETURN_TYPE = YES_ERROR;
				GCC_WARN_UNDECLARED_SELECTOR = YES;
				GCC_WARN_UNINITIALIZED_AUTOS = YES_AGGRESSIVE;
				GCC_WARN_UNUSED_FUNCTION = YES;
				GCC_WARN_UNUSED_VARIABLE = YES;
				LOCALIZATION_PREFERS_STRING_CATALOGS = YES;
				MACOSX_DEPLOYMENT_TARGET = 11.0;
				MTL_ENABLE_DEBUG_INFO = INCLUDE_SOURCE;
				MTL_FAST_MATH = YES;
				ONLY_ACTIVE_ARCH = NO;
				SDKROOT = macosx;
				SWIFT_ACTIVE_COMPILATION_CONDITIONS = "DEBUG $(inherited)";
				SWIFT_OPTIMIZATION_LEVEL = "-Onone";
			};
			name = Debug;
		};
		9580FACB2F69BAE1000C0E71 /* Release */ = {
			isa = XCBuildConfiguration;
			buildSettings = {
				ALWAYS_SEARCH_USER_PATHS = NO;
				ASSETCATALOG_COMPILER_GENERATE_SWIFT_ASSET_SYMBOL_EXTENSIONS = YES;
				CLANG_ANALYZER_NONNULL = YES;
				CLANG_ANALYZER_NUMBER_OBJECT_CONVERSION = YES_AGGRESSIVE;
				CLANG_CXX_LANGUAGE_STANDARD = "gnu++20";
				CLANG_ENABLE_MODULES = YES;
				CLANG_ENABLE_OBJC_ARC = YES;
				CLANG_ENABLE_OBJC_WEAK = YES;
				CLANG_WARN_BLOCK_CAPTURE_AUTORELEASING = YES;
				CLANG_WARN_BOOL_CONVERSION = YES;
				CLANG_WARN_COMMA = YES;
				CLANG_WARN_CONSTANT_CONVERSION = YES;
				CLANG_WARN_DEPRECATED_OBJC_IMPLEMENTATIONS = YES;
				CLANG_WARN_DIRECT_OBJC_ISA_USAGE = YES_ERROR;
				CLANG_WARN_DOCUMENTATION_COMMENTS = YES;
				CLANG_WARN_EMPTY_BODY = YES;
				CLANG_WARN_ENUM_CONVERSION = YES;
				CLANG_WARN_INFINITE_RECURSION = YES;
				CLANG_WARN_INT_CONVERSION = YES;
				CLANG_WARN_NON_LITERAL_NULL_CONVERSION = YES;
				CLANG_WARN_OBJC_IMPLICIT_RETAIN_SELF = YES;
				CLANG_WARN_OBJC_LITERAL_CONVERSION = YES;
				CLANG_WARN_OBJC_ROOT_CLASS = YES_ERROR;
				CLANG_WARN_QUOTED_INCLUDE_IN_FRAMEWORK_HEADER = YES;
				CLANG_WARN_RANGE_LOOP_ANALYSIS = YES;
				CLANG_WARN_STRICT_PROTOTYPES = YES;
				CLANG_WARN_SUSPICIOUS_MOVE = YES;
				CLANG_WARN_UNGUARDED_AVAILABILITY = YES_AGGRESSIVE;
				CLANG_WARN_UNREACHABLE_CODE = YES;
				CLANG_WARN__DUPLICATE_METHOD_MATCH = YES;
				COPY_PHASE_STRIP = NO;
				DEBUG_INFORMATION_FORMAT = "dwarf-with-dsym";
				DEVELOPMENT_TEAM = X6B6C6U6QV;
				ENABLE_NS_ASSERTIONS = NO;
				ENABLE_STRICT_OBJC_MSGSEND = YES;
				ENABLE_USER_SCRIPT_SANDBOXING = YES;
				GCC_C_LANGUAGE_STANDARD = gnu17;
				GCC_NO_COMMON_BLOCKS = YES;
				GCC_WARN_64_TO_32_BIT_CONVERSION = YES;
				GCC_WARN_ABOUT_RETURN_TYPE = YES_ERROR;
				GCC_WARN_UNDECLARED_SELECTOR = YES;
				GCC_WARN_UNINITIALIZED_AUTOS = YES_AGGRESSIVE;
				GCC_WARN_UNUSED_FUNCTION = YES;
				GCC_WARN_UNUSED_VARIABLE = YES;
				LOCALIZATION_PREFERS_STRING_CATALOGS = YES;
				MACOSX_DEPLOYMENT_TARGET = 11.0;
				MTL_ENABLE_DEBUG_INFO = NO;
				MTL_FAST_MATH = YES;
				SDKROOT = macosx;
				SWIFT_COMPILATION_MODE = wholemodule;
			};
			name = Release;
		};
		9580FACD2F69BAE1000C0E71 /* Debug */ = {
			isa = XCBuildConfiguration;
			buildSettings = {
				ASSETCATALOG_COMPILER_APPICON_NAME = AppIcon;
				ASSETCATALOG_COMPILER_GLOBAL_ACCENT_COLOR_NAME = AccentColor;
				CODE_SIGN_ENTITLEMENTS = ../ViewScope.entitlements;
				CODE_SIGN_STYLE = Automatic;
				COMBINE_HIDPI_IMAGES = YES;
				CURRENT_PROJECT_VERSION = 1;
				DEVELOPMENT_TEAM = X6B6C6U6QV;
				ENABLE_APP_SANDBOX = NO;
				ENABLE_HARDENED_RUNTIME = YES;
				GENERATE_INFOPLIST_FILE = NO;
				INFOPLIST_FILE = "../ViewScope-Info.plist";
				LD_RUNPATH_SEARCH_PATHS = (
					"$(inherited)",
					"@executable_path/../Frameworks",
				);
				MACOSX_DEPLOYMENT_TARGET = 11.0;
				MARKETING_VERSION = 1.0.0;
				PRODUCT_BUNDLE_IDENTIFIER = cn.vanjay.ViewScope;
				PRODUCT_NAME = "$(TARGET_NAME)";
				REGISTER_APP_GROUPS = YES;
				STRING_CATALOG_GENERATE_SYMBOLS = YES;
				SWIFT_APPROACHABLE_CONCURRENCY = YES;
				SWIFT_DEFAULT_ACTOR_ISOLATION = MainActor;
				SWIFT_EMIT_LOC_STRINGS = YES;
				SWIFT_UPCOMING_FEATURE_MEMBER_IMPORT_VISIBILITY = YES;
				SWIFT_VERSION = 6.0;
			};
			name = Debug;
		};
		9580FACE2F69BAE1000C0E71 /* Release */ = {
			isa = XCBuildConfiguration;
			buildSettings = {
				ASSETCATALOG_COMPILER_APPICON_NAME = AppIcon;
				ASSETCATALOG_COMPILER_GLOBAL_ACCENT_COLOR_NAME = AccentColor;
				CODE_SIGN_ENTITLEMENTS = "../ViewScope-Release.entitlements";
				CODE_SIGN_STYLE = Automatic;
				COMBINE_HIDPI_IMAGES = YES;
				CURRENT_PROJECT_VERSION = 1;
				DEVELOPMENT_TEAM = X6B6C6U6QV;
				ENABLE_APP_SANDBOX = NO;
				ENABLE_HARDENED_RUNTIME = YES;
				GENERATE_INFOPLIST_FILE = NO;
				INFOPLIST_FILE = "../ViewScope-Info.plist";
				LD_RUNPATH_SEARCH_PATHS = (
					"$(inherited)",
					"@executable_path/../Frameworks",
				);
				MACOSX_DEPLOYMENT_TARGET = 11.0;
				MARKETING_VERSION = 1.0.0;
				PRODUCT_BUNDLE_IDENTIFIER = cn.vanjay.ViewScope;
				PRODUCT_NAME = "$(TARGET_NAME)";
				REGISTER_APP_GROUPS = YES;
				STRING_CATALOG_GENERATE_SYMBOLS = YES;
				SWIFT_APPROACHABLE_CONCURRENCY = YES;
				SWIFT_DEFAULT_ACTOR_ISOLATION = MainActor;
				SWIFT_EMIT_LOC_STRINGS = YES;
				SWIFT_UPCOMING_FEATURE_MEMBER_IMPORT_VISIBILITY = YES;
				SWIFT_VERSION = 6.0;
			};
			name = Release;
		};
		9580FAD02F69BAE1000C0E71 /* Debug */ = {
			isa = XCBuildConfiguration;
			buildSettings = {
				BUNDLE_LOADER = "$(TEST_HOST)";
				CODE_SIGN_STYLE = Automatic;
				CURRENT_PROJECT_VERSION = 1;
				DEVELOPMENT_TEAM = X6B6C6U6QV;
				GENERATE_INFOPLIST_FILE = YES;
				MACOSX_DEPLOYMENT_TARGET = 11.0;
				MARKETING_VERSION = 1.0.0;
				PRODUCT_BUNDLE_IDENTIFIER = cn.vanjay.ViewScopeTests;
				PRODUCT_NAME = "$(TARGET_NAME)";
				STRING_CATALOG_GENERATE_SYMBOLS = NO;
				SWIFT_APPROACHABLE_CONCURRENCY = YES;
				SWIFT_EMIT_LOC_STRINGS = NO;
				SWIFT_UPCOMING_FEATURE_MEMBER_IMPORT_VISIBILITY = YES;
				SWIFT_VERSION = 6.0;
				TEST_HOST = "$(BUILT_PRODUCTS_DIR)/ViewScope.app/$(BUNDLE_EXECUTABLE_FOLDER_PATH)/ViewScope";
			};
			name = Debug;
		};
		9580FAD12F69BAE1000C0E71 /* Release */ = {
			isa = XCBuildConfiguration;
			buildSettings = {
				BUNDLE_LOADER = "$(TEST_HOST)";
				CODE_SIGN_STYLE = Automatic;
				CURRENT_PROJECT_VERSION = 1;
				DEVELOPMENT_TEAM = X6B6C6U6QV;
				GENERATE_INFOPLIST_FILE = YES;
				MACOSX_DEPLOYMENT_TARGET = 11.0;
				MARKETING_VERSION = 1.0.0;
				PRODUCT_BUNDLE_IDENTIFIER = cn.vanjay.ViewScopeTests;
				PRODUCT_NAME = "$(TARGET_NAME)";
				STRING_CATALOG_GENERATE_SYMBOLS = NO;
				SWIFT_APPROACHABLE_CONCURRENCY = YES;
				SWIFT_EMIT_LOC_STRINGS = NO;
				SWIFT_UPCOMING_FEATURE_MEMBER_IMPORT_VISIBILITY = YES;
				SWIFT_VERSION = 6.0;
				TEST_HOST = "$(BUILT_PRODUCTS_DIR)/ViewScope.app/$(BUNDLE_EXECUTABLE_FOLDER_PATH)/ViewScope";
			};
			name = Release;
		};
		9580FAD32F69BAE1000C0E71 /* Debug */ = {
			isa = XCBuildConfiguration;
			buildSettings = {
				CODE_SIGN_STYLE = Automatic;
				CURRENT_PROJECT_VERSION = 1;
				DEVELOPMENT_TEAM = X6B6C6U6QV;
				GENERATE_INFOPLIST_FILE = YES;
				MACOSX_DEPLOYMENT_TARGET = 11.0;
				MARKETING_VERSION = 1.0.0;
				PRODUCT_BUNDLE_IDENTIFIER = cn.vanjay.ViewScopeUITests;
				PRODUCT_NAME = "$(TARGET_NAME)";
				STRING_CATALOG_GENERATE_SYMBOLS = NO;
				SWIFT_APPROACHABLE_CONCURRENCY = YES;
				SWIFT_EMIT_LOC_STRINGS = NO;
				SWIFT_UPCOMING_FEATURE_MEMBER_IMPORT_VISIBILITY = YES;
				SWIFT_VERSION = 6.0;
				TEST_TARGET_NAME = ViewScope;
			};
			name = Debug;
		};
		9580FAD42F69BAE1000C0E71 /* Release */ = {
			isa = XCBuildConfiguration;
			buildSettings = {
				CODE_SIGN_STYLE = Automatic;
				CURRENT_PROJECT_VERSION = 1;
				DEVELOPMENT_TEAM = X6B6C6U6QV;
				GENERATE_INFOPLIST_FILE = YES;
				MACOSX_DEPLOYMENT_TARGET = 11.0;
				MARKETING_VERSION = 1.0.0;
				PRODUCT_BUNDLE_IDENTIFIER = cn.vanjay.ViewScopeUITests;
				PRODUCT_NAME = "$(TARGET_NAME)";
				STRING_CATALOG_GENERATE_SYMBOLS = NO;
				SWIFT_APPROACHABLE_CONCURRENCY = YES;
				SWIFT_EMIT_LOC_STRINGS = NO;
				SWIFT_UPCOMING_FEATURE_MEMBER_IMPORT_VISIBILITY = YES;
				SWIFT_VERSION = 6.0;
				TEST_TARGET_NAME = ViewScope;
			};
			name = Release;
		};
/* End XCBuildConfiguration section */

/* Begin XCConfigurationList section */
		9580FAA02F69BADF000C0E71 /* Build configuration list for PBXProject "ViewScope" */ = {
			isa = XCConfigurationList;
			buildConfigurations = (
				9580FACA2F69BAE1000C0E71 /* Debug */,
				9580FACB2F69BAE1000C0E71 /* Release */,
			);
			defaultConfigurationIsVisible = 0;
			defaultConfigurationName = Release;
		};
		9580FACC2F69BAE1000C0E71 /* Build configuration list for PBXNativeTarget "ViewScope" */ = {
			isa = XCConfigurationList;
			buildConfigurations = (
				9580FACD2F69BAE1000C0E71 /* Debug */,
				9580FACE2F69BAE1000C0E71 /* Release */,
			);
			defaultConfigurationIsVisible = 0;
			defaultConfigurationName = Release;
		};
		9580FACF2F69BAE1000C0E71 /* Build configuration list for PBXNativeTarget "ViewScopeTests" */ = {
			isa = XCConfigurationList;
			buildConfigurations = (
				9580FAD02F69BAE1000C0E71 /* Debug */,
				9580FAD12F69BAE1000C0E71 /* Release */,
			);
			defaultConfigurationIsVisible = 0;
			defaultConfigurationName = Release;
		};
		9580FAD22F69BAE1000C0E71 /* Build configuration list for PBXNativeTarget "ViewScopeUITests" */ = {
			isa = XCConfigurationList;
			buildConfigurations = (
				9580FAD32F69BAE1000C0E71 /* Debug */,
				9580FAD42F69BAE1000C0E71 /* Release */,
			);
			defaultConfigurationIsVisible = 0;
			defaultConfigurationName = Release;
		};
/* End XCConfigurationList section */

/* Begin XCLocalSwiftPackageReference section */
		A1B2C3E62F6A1000000C0E71 /* XCLocalSwiftPackageReference "../ViewScopeServer" */ = {
			isa = XCLocalSwiftPackageReference;
			relativePath = ../ViewScopeServer;
		};
/* End XCLocalSwiftPackageReference section */

/* Begin XCRemoteSwiftPackageReference section */
		A1B2C3E72F6A1000000C0E71 /* XCRemoteSwiftPackageReference "SnapKit" */ = {
			isa = XCRemoteSwiftPackageReference;
			repositoryURL = "https://github.com/SnapKit/SnapKit.git";
			requirement = {
				kind = upToNextMajorVersion;
				minimumVersion = 5.7.1;
			};
		};
		A1B2C3E82F6A1000000C0E71 /* XCRemoteSwiftPackageReference "GRDB.swift" */ = {
			isa = XCRemoteSwiftPackageReference;
			repositoryURL = "https://github.com/groue/GRDB.swift.git";
			requirement = {
				kind = upToNextMajorVersion;
				minimumVersion = 7.0.0;
			};
		};
		A1B2C3E92F6A1000000C0E71 /* XCRemoteSwiftPackageReference "Sparkle" */ = {
			isa = XCRemoteSwiftPackageReference;
			repositoryURL = "https://github.com/sparkle-project/Sparkle.git";
			requirement = {
				kind = upToNextMajorVersion;
				minimumVersion = 2.8.0;
			};
		};
/* End XCRemoteSwiftPackageReference section */

/* Begin XCSwiftPackageProductDependency section */
		A1B2C3EA2F6A1000000C0E71 /* ViewScopeServer */ = {
			isa = XCSwiftPackageProductDependency;
			package = A1B2C3E62F6A1000000C0E71 /* XCLocalSwiftPackageReference "../ViewScopeServer" */;
			productName = ViewScopeServer;
		};
		A1B2C3EB2F6A1000000C0E71 /* SnapKit */ = {
			isa = XCSwiftPackageProductDependency;
			package = A1B2C3E72F6A1000000C0E71 /* XCRemoteSwiftPackageReference "SnapKit" */;
			productName = SnapKit;
		};
		A1B2C3EC2F6A1000000C0E71 /* GRDB */ = {
			isa = XCSwiftPackageProductDependency;
			package = A1B2C3E82F6A1000000C0E71 /* XCRemoteSwiftPackageReference "GRDB.swift" */;
			productName = GRDB;
		};
		A1B2C3ED2F6A1000000C0E71 /* Sparkle */ = {
			isa = XCSwiftPackageProductDependency;
			package = A1B2C3E92F6A1000000C0E71 /* XCRemoteSwiftPackageReference "Sparkle" */;
			productName = Sparkle;
		};
/* End XCSwiftPackageProductDependency section */
	};
	rootObject = 9580FA9D2F69BADF000C0E71 /* Project object */;
}
