// !$*UTF8*$!
{
	archiveVersion = 1;
	classes = {
	};
	objectVersion = 46;
	objects = {

/* Begin PBXBuildFile section */
		40A8420B3E6EDFE712093576 /* Foundation.framework in Frameworks */ = {isa = PBXBuildFile; fileRef = 87409C648FE00350397FE216 /* Foundation.framework */; };
		5D207AFECCA808167C39B2D5 /* AppKit.framework in Frameworks */ = {isa = PBXBuildFile; fileRef = 17B0C4570FF15BDDEC0C2B43 /* AppKit.framework */; };
		7A2B6C2501B631EBA031C0D1 /* Cocoa.framework in Frameworks */ = {isa = PBXBuildFile; fileRef = E040321C39205EE1DC62C4FB /* Cocoa.framework */; };
		7D538425D8B1C8188623F193 /* ViewScopeOverlayController.swift in Sources */ = {isa = PBXBuildFile; fileRef = FCCAF489C762B940DAB9250A /* ViewScopeOverlayController.swift */; };
		89DD46EC8FA95BD53DA54C67 /* ViewScopeImageEncoder.swift in Sources */ = {isa = PBXBuildFile; fileRef = 9D92056C8E8D77D4C74AB75E /* ViewScopeImageEncoder.swift */; };
		8EDFF273B141E89E18316988 /* ViewScopeSnapshotBuilder.swift in Sources */ = {isa = PBXBuildFile; fileRef = 9264CEDC0BE79C4024537B1E /* ViewScopeSnapshotBuilder.swift */; };
		8FD1234567890ABCDEFFEDCB /* ViewScopeClassNameFormatter.swift in Sources */ = {isa = PBXBuildFile; fileRef = 8FD1234567890ABCDEFFEDCA /* ViewScopeClassNameFormatter.swift */; };
		90A1B2C3D4E5F60718293A4B /* ViewScopeAutoBootstrap.m in Sources */ = {isa = PBXBuildFile; fileRef = 90A1B2C3D4E5F60718293A4A /* ViewScopeAutoBootstrap.m */; };
		97D5A2E0BC14C8018ACC5FD6 /* ViewScopeBridge.swift in Sources */ = {isa = PBXBuildFile; fileRef = 2752205479184B07954C339F /* ViewScopeBridge.swift */; };
		A80631511584830D7AAF3922 /* ViewScopeInspector.swift in Sources */ = {isa = PBXBuildFile; fileRef = B8B22980F2B8D619D5EB947B /* ViewScopeInspector.swift */; };
		B90A1B2C3D4E5F60718293A4 /* ViewScopeInterfaceLanguage.swift in Sources */ = {isa = PBXBuildFile; fileRef = B90A1B2C3D4E5F60718293A3 /* ViewScopeInterfaceLanguage.swift */; };
		CB2227ED4DE2C0EAFA6EE658 /* ViewScopeConnection.swift in Sources */ = {isa = PBXBuildFile; fileRef = 4A7DD03239C86E2343AF8E2C /* ViewScopeConnection.swift */; };
		DE4B12D84A36A70F9051F957 /* Network.framework in Frameworks */ = {isa = PBXBuildFile; fileRef = 179CC96D1CF8C60A7A246E00 /* Network.framework */; };
/* End PBXBuildFile section */

/* Begin PBXFileReference section */
		09B3E7696384A5FF1DF841A0 /* ViewScopeServer.framework */ = {isa = PBXFileReference; explicitFileType = wrapper.framework; includeInIndex = 0; name = ViewScopeServer.framework; path = ViewScopeServer.framework; sourceTree = BUILT_PRODUCTS_DIR; };
		179CC96D1CF8C60A7A246E00 /* Network.framework */ = {isa = PBXFileReference; lastKnownFileType = wrapper.framework; name = Network.framework; path = System/Library/Frameworks/Network.framework; sourceTree = SDKROOT; };
		17B0C4570FF15BDDEC0C2B43 /* AppKit.framework */ = {isa = PBXFileReference; lastKnownFileType = wrapper.framework; name = AppKit.framework; path = System/Library/Frameworks/AppKit.framework; sourceTree = SDKROOT; };
		2752205479184B07954C339F /* ViewScopeBridge.swift */ = {isa = PBXFileReference; includeInIndex = 1; lastKnownFileType = sourcecode.swift; name = ViewScopeBridge.swift; path = Sources/ViewScopeServer/ViewScopeBridge.swift; sourceTree = "<group>"; };
		4A7DD03239C86E2343AF8E2C /* ViewScopeConnection.swift */ = {isa = PBXFileReference; includeInIndex = 1; lastKnownFileType = sourcecode.swift; name = ViewScopeConnection.swift; path = Sources/ViewScopeServer/ViewScopeConnection.swift; sourceTree = "<group>"; };
		87409C648FE00350397FE216 /* Foundation.framework */ = {isa = PBXFileReference; lastKnownFileType = wrapper.framework; name = Foundation.framework; path = System/Library/Frameworks/Foundation.framework; sourceTree = SDKROOT; };
		9264CEDC0BE79C4024537B1E /* ViewScopeSnapshotBuilder.swift */ = {isa = PBXFileReference; includeInIndex = 1; lastKnownFileType = sourcecode.swift; name = ViewScopeSnapshotBuilder.swift; path = Sources/ViewScopeServer/ViewScopeSnapshotBuilder.swift; sourceTree = "<group>"; };
		8FD1234567890ABCDEFFEDCA /* ViewScopeClassNameFormatter.swift */ = {isa = PBXFileReference; includeInIndex = 1; lastKnownFileType = sourcecode.swift; name = ViewScopeClassNameFormatter.swift; path = Sources/ViewScopeServer/ViewScopeClassNameFormatter.swift; sourceTree = "<group>"; };
		90A1B2C3D4E5F60718293A4A /* ViewScopeAutoBootstrap.m */ = {isa = PBXFileReference; includeInIndex = 1; lastKnownFileType = sourcecode.c.objc; name = ViewScopeAutoBootstrap.m; path = Sources/ViewScopeServerBootstrap/ViewScopeAutoBootstrap.m; sourceTree = "<group>"; };
		9D92056C8E8D77D4C74AB75E /* ViewScopeImageEncoder.swift */ = {isa = PBXFileReference; includeInIndex = 1; lastKnownFileType = sourcecode.swift; name = ViewScopeImageEncoder.swift; path = Sources/ViewScopeServer/ViewScopeImageEncoder.swift; sourceTree = "<group>"; };
		B90A1B2C3D4E5F60718293A3 /* ViewScopeInterfaceLanguage.swift */ = {isa = PBXFileReference; includeInIndex = 1; lastKnownFileType = sourcecode.swift; name = ViewScopeInterfaceLanguage.swift; path = Sources/ViewScopeServer/ViewScopeInterfaceLanguage.swift; sourceTree = "<group>"; };
		B8B22980F2B8D619D5EB947B /* ViewScopeInspector.swift */ = {isa = PBXFileReference; includeInIndex = 1; lastKnownFileType = sourcecode.swift; name = ViewScopeInspector.swift; path = Sources/ViewScopeServer/ViewScopeInspector.swift; sourceTree = "<group>"; };
		BA0A1B2C3D4E5F60718293A4 /* ViewScopeServerBootstrap.h */ = {isa = PBXFileReference; includeInIndex = 1; lastKnownFileType = sourcecode.c.h; name = ViewScopeServerBootstrap.h; path = Sources/ViewScopeServerBootstrap/ViewScopeServerBootstrap.h; sourceTree = "<group>"; };
		E040321C39205EE1DC62C4FB /* Cocoa.framework */ = {isa = PBXFileReference; lastKnownFileType = wrapper.framework; name = Cocoa.framework; path = Platforms/MacOSX.platform/Developer/SDKs/MacOSX15.0.sdk/System/Library/Frameworks/Cocoa.framework; sourceTree = DEVELOPER_DIR; };
		FCCAF489C762B940DAB9250A /* ViewScopeOverlayController.swift */ = {isa = PBXFileReference; includeInIndex = 1; lastKnownFileType = sourcecode.swift; name = ViewScopeOverlayController.swift; path = Sources/ViewScopeServer/ViewScopeOverlayController.swift; sourceTree = "<group>"; };
/* End PBXFileReference section */

/* Begin PBXFrameworksBuildPhase section */
		F612548ABDBD34751FCC343D /* Frameworks */ = {
			isa = PBXFrameworksBuildPhase;
			buildActionMask = 2147483647;
			files = (
				7A2B6C2501B631EBA031C0D1 /* Cocoa.framework in Frameworks */,
				5D207AFECCA808167C39B2D5 /* AppKit.framework in Frameworks */,
				40A8420B3E6EDFE712093576 /* Foundation.framework in Frameworks */,
				DE4B12D84A36A70F9051F957 /* Network.framework in Frameworks */,
			);
			runOnlyForDeploymentPostprocessing = 0;
		};
/* End PBXFrameworksBuildPhase section */

/* Begin PBXGroup section */
		585062E4D60992F43C191D07 /* Frameworks */ = {
			isa = PBXGroup;
			children = (
				93AEF528121BD190A3860D95 /* OS X */,
				17B0C4570FF15BDDEC0C2B43 /* AppKit.framework */,
				87409C648FE00350397FE216 /* Foundation.framework */,
				179CC96D1CF8C60A7A246E00 /* Network.framework */,
			);
			name = Frameworks;
			sourceTree = "<group>";
		};
		93AEF528121BD190A3860D95 /* OS X */ = {
			isa = PBXGroup;
			children = (
				E040321C39205EE1DC62C4FB /* Cocoa.framework */,
			);
			name = "OS X";
			sourceTree = "<group>";
		};
		9B0A0A1D7720BCA06749D396 /* ViewScopeServer */ = {
			isa = PBXGroup;
			children = (
				2752205479184B07954C339F /* ViewScopeBridge.swift */,
				4A7DD03239C86E2343AF8E2C /* ViewScopeConnection.swift */,
				8FD1234567890ABCDEFFEDCA /* ViewScopeClassNameFormatter.swift */,
				9D92056C8E8D77D4C74AB75E /* ViewScopeImageEncoder.swift */,
				B8B22980F2B8D619D5EB947B /* ViewScopeInspector.swift */,
				B90A1B2C3D4E5F60718293A3 /* ViewScopeInterfaceLanguage.swift */,
				FCCAF489C762B940DAB9250A /* ViewScopeOverlayController.swift */,
				9264CEDC0BE79C4024537B1E /* ViewScopeSnapshotBuilder.swift */,
				90A1B2C3D4E5F60718293A4A /* ViewScopeAutoBootstrap.m */,
				BA0A1B2C3D4E5F60718293A4 /* ViewScopeServerBootstrap.h */,
			);
			name = ViewScopeServer;
			sourceTree = "<group>";
		};
		B985FB01360CE7CFF3033676 /* Sources */ = {
			isa = PBXGroup;
			children = (
				9B0A0A1D7720BCA06749D396 /* ViewScopeServer */,
			);
			name = Sources;
			sourceTree = "<group>";
		};
		CEBABA75BF53CB3822D0A924 /* Products */ = {
			isa = PBXGroup;
			children = (
				09B3E7696384A5FF1DF841A0 /* ViewScopeServer.framework */,
			);
			name = Products;
			sourceTree = "<group>";
		};
		E364CDE3981EB44D2ACFFF36 = {
			isa = PBXGroup;
			children = (
				CEBABA75BF53CB3822D0A924 /* Products */,
				585062E4D60992F43C191D07 /* Frameworks */,
				B985FB01360CE7CFF3033676 /* Sources */,
			);
			sourceTree = "<group>";
		};
/* End PBXGroup section */

/* Begin PBXHeadersBuildPhase section */
		745BC15F76BB108104F3ACBD /* Headers */ = {
			isa = PBXHeadersBuildPhase;
			buildActionMask = 2147483647;
			files = (
			);
			runOnlyForDeploymentPostprocessing = 0;
		};
/* End PBXHeadersBuildPhase section */

/* Begin PBXNativeTarget section */
		CD42C4FC92EB55342EFAC191 /* ViewScopeServer */ = {
			isa = PBXNativeTarget;
			buildConfigurationList = 52D7D3528BD6B3FE7FF1A393 /* Build configuration list for PBXNativeTarget "ViewScopeServer" */;
			buildPhases = (
				745BC15F76BB108104F3ACBD /* Headers */,
				6E0E2F753BBD11561B6F818C /* Sources */,
				F612548ABDBD34751FCC343D /* Frameworks */,
				B19AB4E1E15C701247055659 /* Resources */,
			);
			buildRules = (
			);
			dependencies = (
			);
			name = ViewScopeServer;
			productName = ViewScopeServer;
			productReference = 09B3E7696384A5FF1DF841A0 /* ViewScopeServer.framework */;
			productType = "com.apple.product-type.framework";
		};
/* End PBXNativeTarget section */

/* Begin PBXProject section */
		36359AFF3BA0E0595CBF0C25 /* Project object */ = {
			isa = PBXProject;
			attributes = {
				LastSwiftUpdateCheck = 2600;
				LastUpgradeCheck = 2600;
			};
			buildConfigurationList = 7D2C3C37EE6E9E28ABC3702B /* Build configuration list for PBXProject "ViewScopeServer" */;
			compatibilityVersion = "Xcode 3.2";
			developmentRegion = en;
			hasScannedForEncodings = 0;
			knownRegions = (
				en,
				Base,
			);
			mainGroup = E364CDE3981EB44D2ACFFF36;
			minimizedProjectReferenceProxies = 0;
			preferredProjectObjectVersion = 77;
			productRefGroup = CEBABA75BF53CB3822D0A924 /* Products */;
			projectDirPath = "";
			projectRoot = "";
			targets = (
				CD42C4FC92EB55342EFAC191 /* ViewScopeServer */,
			);
		};
/* End PBXProject section */

/* Begin PBXResourcesBuildPhase section */
		B19AB4E1E15C701247055659 /* Resources */ = {
			isa = PBXResourcesBuildPhase;
			buildActionMask = 2147483647;
			files = (
			);
			runOnlyForDeploymentPostprocessing = 0;
		};
/* End PBXResourcesBuildPhase section */

/* Begin PBXSourcesBuildPhase section */
		6E0E2F753BBD11561B6F818C /* Sources */ = {
			isa = PBXSourcesBuildPhase;
			buildActionMask = 2147483647;
			files = (
				97D5A2E0BC14C8018ACC5FD6 /* ViewScopeBridge.swift in Sources */,
				CB2227ED4DE2C0EAFA6EE658 /* ViewScopeConnection.swift in Sources */,
				8FD1234567890ABCDEFFEDCB /* ViewScopeClassNameFormatter.swift in Sources */,
				89DD46EC8FA95BD53DA54C67 /* ViewScopeImageEncoder.swift in Sources */,
				A80631511584830D7AAF3922 /* ViewScopeInspector.swift in Sources */,
				B90A1B2C3D4E5F60718293A4 /* ViewScopeInterfaceLanguage.swift in Sources */,
				7D538425D8B1C8188623F193 /* ViewScopeOverlayController.swift in Sources */,
				8EDFF273B141E89E18316988 /* ViewScopeSnapshotBuilder.swift in Sources */,
				90A1B2C3D4E5F60718293A4B /* ViewScopeAutoBootstrap.m in Sources */,
			);
			runOnlyForDeploymentPostprocessing = 0;
		};
/* End PBXSourcesBuildPhase section */

/* Begin XCBuildConfiguration section */
		24826A21F0EA5467DD1E848B /* Release */ = {
			isa = XCBuildConfiguration;
			buildSettings = {
				ALWAYS_SEARCH_USER_PATHS = NO;
				CLANG_ANALYZER_NONNULL = YES;
				CLANG_ANALYZER_NUMBER_OBJECT_CONVERSION = YES_AGGRESSIVE;
				CLANG_CXX_LANGUAGE_STANDARD = "gnu++14";
				CLANG_CXX_LIBRARY = "libc++";
				CLANG_ENABLE_MODULES = YES;
				CLANG_ENABLE_OBJC_ARC = YES;
				CLANG_ENABLE_OBJC_WEAK = YES;
				CLANG_WARN_BLOCK_CAPTURE_AUTORELEASING = YES;
				CLANG_WARN_BOOL_CONVERSION = YES;
				CLANG_WARN_COMMA = YES;
				CLANG_WARN_CONSTANT_CONVERSION = YES;
				CLANG_WARN_DEPRECATED_OBJC_IMPLEMENTATIONS = YES;
				CLANG_WARN_DIRECT_OBJC_ISA_USAGE = YES_ERROR;
				CLANG_WARN_DOCUMENTATION_COMMENTS = YES;
				CLANG_WARN_EMPTY_BODY = YES;
				CLANG_WARN_ENUM_CONVERSION = YES;
				CLANG_WARN_INFINITE_RECURSION = YES;
				CLANG_WARN_INT_CONVERSION = YES;
				CLANG_WARN_NON_LITERAL_NULL_CONVERSION = YES;
				CLANG_WARN_OBJC_IMPLICIT_RETAIN_SELF = YES;
				CLANG_WARN_OBJC_LITERAL_CONVERSION = YES;
				CLANG_WARN_OBJC_ROOT_CLASS = YES_ERROR;
				CLANG_WARN_QUOTED_INCLUDE_IN_FRAMEWORK_HEADER = YES;
				CLANG_WARN_RANGE_LOOP_ANALYSIS = YES;
				CLANG_WARN_STRICT_PROTOTYPES = YES;
				CLANG_WARN_SUSPICIOUS_MOVE = YES;
				CLANG_WARN_UNGUARDED_AVAILABILITY = YES_AGGRESSIVE;
				CLANG_WARN_UNREACHABLE_CODE = YES;
				CLANG_WARN__DUPLICATE_METHOD_MATCH = YES;
				CODE_SIGNING_ALLOWED = NO;
				CODE_SIGNING_REQUIRED = NO;
				CODE_SIGN_IDENTITY = "";
				COPY_PHASE_STRIP = NO;
				CURRENT_PROJECT_VERSION = 3;
				DEBUG_INFORMATION_FORMAT = "dwarf-with-dsym";
				ENABLE_NS_ASSERTIONS = NO;
				ENABLE_STRICT_OBJC_MSGSEND = YES;
				GCC_C_LANGUAGE_STANDARD = gnu11;
				GCC_NO_COMMON_BLOCKS = YES;
				GCC_WARN_64_TO_32_BIT_CONVERSION = YES;
				GCC_WARN_ABOUT_RETURN_TYPE = YES_ERROR;
				GCC_WARN_UNDECLARED_SELECTOR = YES;
				GCC_WARN_UNINITIALIZED_AUTOS = YES_AGGRESSIVE;
				GCC_WARN_UNUSED_FUNCTION = YES;
				GCC_WARN_UNUSED_VARIABLE = YES;
				MACOSX_DEPLOYMENT_TARGET = 11.0;
				MARKETING_VERSION = 1.2.0;
				MTL_ENABLE_DEBUG_INFO = NO;
				MTL_FAST_MATH = YES;
				PRODUCT_NAME = "$(TARGET_NAME)";
				SDKROOT = macosx;
				SWIFT_COMPILATION_MODE = wholemodule;
				SWIFT_OPTIMIZATION_LEVEL = "-O";
				SWIFT_VERSION = 6.0;
			};
			name = Release;
		};
		25BC15EFE21BB1BDBFAC6C61 /* Debug */ = {
			isa = XCBuildConfiguration;
			buildSettings = {
				ALWAYS_SEARCH_USER_PATHS = NO;
				CLANG_ANALYZER_NONNULL = YES;
				CLANG_ANALYZER_NUMBER_OBJECT_CONVERSION = YES_AGGRESSIVE;
				CLANG_CXX_LANGUAGE_STANDARD = "gnu++14";
				CLANG_CXX_LIBRARY = "libc++";
				CLANG_ENABLE_MODULES = YES;
				CLANG_ENABLE_OBJC_ARC = YES;
				CLANG_ENABLE_OBJC_WEAK = YES;
				CLANG_WARN_BLOCK_CAPTURE_AUTORELEASING = YES;
				CLANG_WARN_BOOL_CONVERSION = YES;
				CLANG_WARN_COMMA = YES;
				CLANG_WARN_CONSTANT_CONVERSION = YES;
				CLANG_WARN_DEPRECATED_OBJC_IMPLEMENTATIONS = YES;
				CLANG_WARN_DIRECT_OBJC_ISA_USAGE = YES_ERROR;
				CLANG_WARN_DOCUMENTATION_COMMENTS = YES;
				CLANG_WARN_EMPTY_BODY = YES;
				CLANG_WARN_ENUM_CONVERSION = YES;
				CLANG_WARN_INFINITE_RECURSION = YES;
				CLANG_WARN_INT_CONVERSION = YES;
				CLANG_WARN_NON_LITERAL_NULL_CONVERSION = YES;
				CLANG_WARN_OBJC_IMPLICIT_RETAIN_SELF = YES;
				CLANG_WARN_OBJC_LITERAL_CONVERSION = YES;
				CLANG_WARN_OBJC_ROOT_CLASS = YES_ERROR;
				CLANG_WARN_QUOTED_INCLUDE_IN_FRAMEWORK_HEADER = YES;
				CLANG_WARN_RANGE_LOOP_ANALYSIS = YES;
				CLANG_WARN_STRICT_PROTOTYPES = YES;
				CLANG_WARN_SUSPICIOUS_MOVE = YES;
				CLANG_WARN_UNGUARDED_AVAILABILITY = YES_AGGRESSIVE;
				CLANG_WARN_UNREACHABLE_CODE = YES;
				CLANG_WARN__DUPLICATE_METHOD_MATCH = YES;
				CODE_SIGNING_ALLOWED = NO;
				CODE_SIGNING_REQUIRED = NO;
				CODE_SIGN_IDENTITY = "";
				COPY_PHASE_STRIP = NO;
				CURRENT_PROJECT_VERSION = 3;
				DEBUG_INFORMATION_FORMAT = dwarf;
				ENABLE_STRICT_OBJC_MSGSEND = YES;
				ENABLE_TESTABILITY = YES;
				GCC_C_LANGUAGE_STANDARD = gnu11;
				GCC_DYNAMIC_NO_PIC = NO;
				GCC_NO_COMMON_BLOCKS = YES;
				GCC_OPTIMIZATION_LEVEL = 0;
				GCC_PREPROCESSOR_DEFINITIONS = (
					"DEBUG=1",
					"$(inherited)",
				);
				GCC_WARN_64_TO_32_BIT_CONVERSION = YES;
				GCC_WARN_ABOUT_RETURN_TYPE = YES_ERROR;
				GCC_WARN_UNDECLARED_SELECTOR = YES;
				GCC_WARN_UNINITIALIZED_AUTOS = YES_AGGRESSIVE;
				GCC_WARN_UNUSED_FUNCTION = YES;
				GCC_WARN_UNUSED_VARIABLE = YES;
				MACOSX_DEPLOYMENT_TARGET = 11.0;
				MARKETING_VERSION = 1.2.0;
				MTL_ENABLE_DEBUG_INFO = INCLUDE_SOURCE;
				MTL_FAST_MATH = YES;
				ONLY_ACTIVE_ARCH = YES;
				PRODUCT_NAME = "$(TARGET_NAME)";
				SDKROOT = macosx;
				SWIFT_ACTIVE_COMPILATION_CONDITIONS = DEBUG;
				SWIFT_OPTIMIZATION_LEVEL = "-Onone";
				SWIFT_VERSION = 6.0;
			};
			name = Debug;
		};
		766224E6E7A7EE30D4BC3315 /* Debug */ = {
			isa = XCBuildConfiguration;
			buildSettings = {
				BUILD_LIBRARY_FOR_DISTRIBUTION = YES;
				CODE_SIGNING_ALLOWED = NO;
				CODE_SIGNING_REQUIRED = NO;
				CODE_SIGN_IDENTITY = "";
				COMBINE_HIDPI_IMAGES = YES;
				CURRENT_PROJECT_VERSION = 3;
				DEFINES_MODULE = YES;
				DYLIB_COMPATIBILITY_VERSION = 1;
				DYLIB_CURRENT_VERSION = 1;
				DYLIB_INSTALL_NAME_BASE = "@rpath";
				ENABLE_HARDENED_RUNTIME = NO;
				ENABLE_TESTABILITY = YES;
				GENERATE_INFOPLIST_FILE = YES;
				INFOPLIST_KEY_CFBundleDisplayName = ViewScopeServer;
				INSTALL_PATH = "$(LOCAL_LIBRARY_DIR)/Frameworks";
				LD_RUNPATH_SEARCH_PATHS = "$(inherited) @loader_path/Frameworks @executable_path/../Frameworks";
				MACOSX_DEPLOYMENT_TARGET = 11.0;
				MARKETING_VERSION = 1.2.0;
				PRODUCT_BUNDLE_IDENTIFIER = cn.vanjay.ViewScopeServer;
				PRODUCT_NAME = "$(TARGET_NAME)";
				SDKROOT = macosx;
				SKIP_INSTALL = YES;
				SWIFT_COMPILATION_MODE = singlefile;
				SWIFT_OPTIMIZATION_LEVEL = "-Onone";
				SWIFT_VERSION = 6.0;
				VERSIONING_SYSTEM = "apple-generic";
				VERSION_INFO_PREFIX = "";
			};
			name = Debug;
		};
		995D1B580D32884C881C5F44 /* Release */ = {
			isa = XCBuildConfiguration;
			buildSettings = {
				BUILD_LIBRARY_FOR_DISTRIBUTION = YES;
				CODE_SIGNING_ALLOWED = NO;
				CODE_SIGNING_REQUIRED = NO;
				CODE_SIGN_IDENTITY = "";
				COMBINE_HIDPI_IMAGES = YES;
				CURRENT_PROJECT_VERSION = 3;
				DEFINES_MODULE = YES;
				DYLIB_COMPATIBILITY_VERSION = 1;
				DYLIB_CURRENT_VERSION = 1;
				DYLIB_INSTALL_NAME_BASE = "@rpath";
				ENABLE_HARDENED_RUNTIME = NO;
				ENABLE_TESTABILITY = NO;
				GENERATE_INFOPLIST_FILE = YES;
				INFOPLIST_KEY_CFBundleDisplayName = ViewScopeServer;
				INSTALL_PATH = "$(LOCAL_LIBRARY_DIR)/Frameworks";
				LD_RUNPATH_SEARCH_PATHS = "$(inherited) @loader_path/Frameworks @executable_path/../Frameworks";
				MACOSX_DEPLOYMENT_TARGET = 11.0;
				MARKETING_VERSION = 1.2.0;
				PRODUCT_BUNDLE_IDENTIFIER = cn.vanjay.ViewScopeServer;
				PRODUCT_NAME = "$(TARGET_NAME)";
				SDKROOT = macosx;
				SKIP_INSTALL = YES;
				SWIFT_COMPILATION_MODE = wholemodule;
				SWIFT_OPTIMIZATION_LEVEL = "-O";
				SWIFT_VERSION = 6.0;
				VERSIONING_SYSTEM = "apple-generic";
				VERSION_INFO_PREFIX = "";
			};
			name = Release;
		};
/* End XCBuildConfiguration section */

/* Begin XCConfigurationList section */
		52D7D3528BD6B3FE7FF1A393 /* Build configuration list for PBXNativeTarget "ViewScopeServer" */ = {
			isa = XCConfigurationList;
			buildConfigurations = (
				995D1B580D32884C881C5F44 /* Release */,
				766224E6E7A7EE30D4BC3315 /* Debug */,
			);
			defaultConfigurationIsVisible = 0;
			defaultConfigurationName = Release;
		};
		7D2C3C37EE6E9E28ABC3702B /* Build configuration list for PBXProject "ViewScopeServer" */ = {
			isa = XCConfigurationList;
			buildConfigurations = (
				25BC15EFE21BB1BDBFAC6C61 /* Debug */,
				24826A21F0EA5467DD1E848B /* Release */,
			);
			defaultConfigurationIsVisible = 0;
			defaultConfigurationName = Release;
		};
/* End XCConfigurationList section */
	};
	rootObject = 36359AFF3BA0E0595CBF0C25 /* Project object */;
}
